{
  "name": "@slsa-demo/top-level",
  "version": "0.2.0",
  "lockfileVersion": 2,
  "requires": true,
  "packages": {
    "": {
      "name": "@slsa-demo/top-level",
      "version": "0.2.0",
      "license": "Apache-2.0",
      "dependencies": {
        "@slsa-demo/sub-level": "^0.2.0"
      }
    },
    "node_modules/@slsa-demo/sub-level": {
      "version": "0.2.0",
      "resolved": "https://registry.npmjs.org/@slsa-demo/sub-level/-/sub-level-0.2.0.tgz",
      "integrity": "sha512-yyBkN+fW4BoT24s7gtfPcl0ZWdaHT/8wCOgpFg91ax4rjXiySufk0b9o+i3h7EG6PXp405gsungZ9X3Vw9FXoA=="
    }
  },
  "dependencies": {
    "@slsa-demo/sub-level": {
      "version": "0.2.0",
      "resolved": "https://registry.npmjs.org/@slsa-demo/sub-level/-/sub-level-0.2.0.tgz",
      "integrity": "sha512-yyBkN+fW4BoT24s7gtfPcl0ZWdaHT/8wCOgpFg91ax4rjXiySufk0b9o+i3h7EG6PXp405gsungZ9X3Vw9FXoA=="
    }
  }
}
